
Microsoft Visual Studio Solution File, Format Version 12.00
# Visual Studio Version 17
VisualStudioVersion = 17.10.35027.167
MinimumVisualStudioVersion = 10.0.40219.1
Project("{FAE04EC0-301F-11D3-BF4B-00C04F79EFBC}") = "QuantumForgeEditor", "QuantumForgeEditor\QuantumForgeEditor.csproj", "{EE355779-5FB4-46B5-ADB8-B5E11813A5DF}"
EndProject
Project("{8BC9CEB8-8B4A-11D0-8D11-00A0C91BC942}") = "RenderEngine", "RenderEngine\RenderEngine.vcxproj", "{0E92DCFE-7F34-46A4-B945-0EBE8420BEF4}"
EndProject
Global
	GlobalSection(SolutionConfigurationPlatforms) = preSolution
		Debug|Any CPU = Debug|Any CPU
		Debug|x64 = Debug|x64
		Release|Any CPU = Release|Any CPU
		Release|x64 = Release|x64
	EndGlobalSection
	GlobalSection(ProjectConfigurationPlatforms) = postSolution
		{0E92DCFE-7F34-46A4-B945-0EBE8420BEF4}.Debug|Any CPU.ActiveCfg = Debug|x64
		{0E92DCFE-7F34-46A4-B945-0EBE8420BEF4}.Debug|Any CPU.Build.0 = Debug|x64
		{0E92DCFE-7F34-46A4-B945-0EBE8420BEF4}.Debug|x64.ActiveCfg = Debug|x64
		{0E92DCFE-7F34-46A4-B945-0EBE8420BEF4}.Debug|x64.Build.0 = Debug|x64
		{0E92DCFE-7F34-46A4-B945-0EBE8420BEF4}.Release|Any CPU.ActiveCfg = Release|x64
		{0E92DCFE-7F34-46A4-B945-0EBE8420BEF4}.Release|Any CPU.Build.0 = Release|x64
		{0E92DCFE-7F34-46A4-B945-0EBE8420BEF4}.Release|x64.ActiveCfg = Release|x64
		{0E92DCFE-7F34-46A4-B945-0EBE8420BEF4}.Release|x64.Build.0 = Release|x64
		{EE355779-5FB4-46B5-ADB8-B5E11813A5DF}.Debug|Any CPU.ActiveCfg = Debug|Any CPU
		{EE355779-5FB4-46B5-ADB8-B5E11813A5DF}.Debug|Any CPU.Build.0 = Debug|Any CPU
		{EE355779-5FB4-46B5-ADB8-B5E11813A5DF}.Debug|x64.ActiveCfg = Debug|Any CPU
		{EE355779-5FB4-46B5-ADB8-B5E11813A5DF}.Debug|x64.Build.0 = Debug|Any CPU
		{EE355779-5FB4-46B5-ADB8-B5E11813A5DF}.Release|Any CPU.ActiveCfg = Release|Any CPU
		{EE355779-5FB4-46B5-ADB8-B5E11813A5DF}.Release|Any CPU.Build.0 = Release|Any CPU
		{EE355779-5FB4-46B5-ADB8-B5E11813A5DF}.Release|x64.ActiveCfg = Release|Any CPU
		{EE355779-5FB4-46B5-ADB8-B5E11813A5DF}.Release|x64.Build.0 = Release|Any CPU
	EndGlobalSection
	GlobalSection(SolutionProperties) = preSolution
		HideSolutionNode = FALSE
	EndGlobalSection
	GlobalSection(ExtensibilityGlobals) = postSolution
		SolutionGuid = {DD710066-78D7-4363-9A41-4CA4C0D630ED}
	EndGlobalSection
EndGlobal
